
Microsoft Visual Studio Solution File, Format Version 12.00
# Visual Studio Version 16
VisualStudioVersion = 16.0.29709.97
MinimumVisualStudioVersion = 10.0.40219.1
Project("{2150E333-8FDC-42A3-9474-1A3956D46DE8}") = "src", "src", "{68C2592B-C0F8-4A36-8A6D-9FB664927F88}"
EndProject
Project("{2150E333-8FDC-42A3-9474-1A3956D46DE8}") = "tests", "tests", "{63251D23-2F29-4BD9-B204-C97E723D11AA}"
EndProject
Project("{2150E333-8FDC-42A3-9474-1A3956D46DE8}") = "Api", "Api", "{54B46F2C-DD28-4E4B-A290-917798A127BE}"
EndProject
Project("{2150E333-8FDC-42A3-9474-1A3956D46DE8}") = "Application", "Application", "{57D3A2CE-A707-4BFD-8AD2-5F1EE054E403}"
EndProject
Project("{2150E333-8FDC-42A3-9474-1A3956D46DE8}") = "Infrastructure", "Infrastructure", "{9BE3ECC2-781B-4871-9BDD-6921F77643CE}"
EndProject
Project("{2150E333-8FDC-42A3-9474-1A3956D46DE8}") = "Domain", "Domain", "{95362B79-C09B-4ABB-A0A7-089A09F3B816}"
EndProject
Project("{2150E333-8FDC-42A3-9474-1A3956D46DE8}") = "Data", "Data", "{FEEEBF8D-2FEC-49AD-8736-DA21259211A0}"
EndProject
Project("{FAE04EC0-301F-11D3-BF4B-00C04F79EFBC}") = "Dos.User.Api.Web", "src\Dos.User.Api.Web\Dos.User.Api.Web.csproj", "{1B11DFBC-20C8-4B96-8ED1-1DE75AB743C2}"
EndProject
Project("{FAE04EC0-301F-11D3-BF4B-00C04F79EFBC}") = "Dos.User.Api.Handlers", "src\Dos.User.Api.Handlers\Dos.User.Api.Handlers.csproj", "{FAFC5937-6C75-49DA-9C47-044FBBD1D2A0}"
EndProject
Project("{FAE04EC0-301F-11D3-BF4B-00C04F79EFBC}") = "Dos.User.Api.Messages", "src\Dos.User.Api.Messages\Dos.User.Api.Messages.csproj", "{85D65DEF-0E9F-4E4C-A84E-F69C03B64C32}"
EndProject
Project("{2150E333-8FDC-42A3-9474-1A3956D46DE8}") = "Config", "Config", "{C1B372A1-6EC0-4A01-8DB9-D3B3B9E45CA5}"
EndProject
Project("{FAE04EC0-301F-11D3-BF4B-00C04F79EFBC}") = "Dos.User.Api.IoC.Configuration", "src\Dos.User.Api.Config\Dos.User.Api.IoC.Configuration.csproj", "{C088115A-6957-4329-A4F5-F39ADC1A7811}"
EndProject
Project("{2150E333-8FDC-42A3-9474-1A3956D46DE8}") = "Mediator", "Mediator", "{1F0B1BE5-35FD-4BE3-9B22-264E10ED1BF5}"
EndProject
Project("{FAE04EC0-301F-11D3-BF4B-00C04F79EFBC}") = "Dos.User.Api.Infrastructure.Mediator", "src\Dos.User.Api.Infrastructure.Mediator\Dos.User.Api.Infrastructure.Mediator.csproj", "{AD34FBC1-168C-4B28-B7AF-FE4C4AC960FF}"
EndProject
Project("{FAE04EC0-301F-11D3-BF4B-00C04F79EFBC}") = "Dos.User.Api.Data.Queries", "src\Dos.User.Api.Domain.Queries\Dos.User.Api.Data.Queries.csproj", "{CAF9659C-2507-4858-A13B-D80D7D7E8564}"
EndProject
Project("{FAE04EC0-301F-11D3-BF4B-00C04F79EFBC}") = "Dos.User.Api.Data.Sql", "src\Dos.User.Api.Data.Sql\Dos.User.Api.Data.Sql.csproj", "{9950D708-3421-4B8F-9EC9-EF6FAC547F9B}"
EndProject
Project("{FAE04EC0-301F-11D3-BF4B-00C04F79EFBC}") = "Dos.User.Api.Data.Specifications", "src\Dos.User.Api.Data.Specifications\Dos.User.Api.Data.Specifications.csproj", "{76AF8C41-305A-4354-A045-551F1678255D}"
EndProject
Project("{FAE04EC0-301F-11D3-BF4B-00C04F79EFBC}") = "Dos.User.Api.Domain", "src\Dos.User.Api.Domain\Dos.User.Api.Domain.csproj", "{B582C60D-BB0A-4975-92C1-1E31909C67FF}"
EndProject
Project("{2150E333-8FDC-42A3-9474-1A3956D46DE8}") = "CrossCuttingConcerns", "CrossCuttingConcerns", "{F988C9F3-0726-4FA0-BA61-0042F00B047E}"
EndProject
Project("{FAE04EC0-301F-11D3-BF4B-00C04F79EFBC}") = "Dos.User.Api.Common", "src\Dos.User.Api.Common\Dos.User.Api.Common.csproj", "{778E7F4D-515B-4928-85B9-69D58EAEC42E}"
EndProject
Project("{2150E333-8FDC-42A3-9474-1A3956D46DE8}") = "ASPNet", "ASPNet", "{6F720CB9-436C-4DE5-B614-5BEDBE190F79}"
EndProject
Project("{FAE04EC0-301F-11D3-BF4B-00C04F79EFBC}") = "Dos.User.Api.Insfrastructure.AspNet", "src\Dos.User.Api.Insfrastructure.AspNet\Dos.User.Api.Insfrastructure.AspNet.csproj", "{D8BCC548-9A0E-49FC-B619-8D995A0C3917}"
EndProject
Project("{2150E333-8FDC-42A3-9474-1A3956D46DE8}") = "Api", "Api", "{C60763D5-23B5-4CE2-AF91-94D391AEBA60}"
EndProject
Project("{FAE04EC0-301F-11D3-BF4B-00C04F79EFBC}") = "Dos.User.Api.Web.Tests", "tests\Dos.User.Api.Web.Tests\Dos.User.Api.Web.Tests.csproj", "{C085C5FF-6DBC-46E5-8890-7C500295A5FC}"
EndProject
Project("{2150E333-8FDC-42A3-9474-1A3956D46DE8}") = "Application", "Application", "{123CDB66-277D-4A20-AD32-F2FEBE63C38A}"
EndProject
Project("{FAE04EC0-301F-11D3-BF4B-00C04F79EFBC}") = "Dos.User.Api.Application.Tests", "tests\Dos.User.Api.Application.Tests\Dos.User.Api.Application.Tests.csproj", "{9C9CD94C-D47D-42AA-8658-48A8D9D01B23}"
EndProject
Project("{2150E333-8FDC-42A3-9474-1A3956D46DE8}") = "CrossCuttingConcerns", "CrossCuttingConcerns", "{02670F1D-2D34-4639-B555-04E0825CB7BE}"
EndProject
Project("{FAE04EC0-301F-11D3-BF4B-00C04F79EFBC}") = "Dos.User.Api.CrossCuttingConcerns.Tests", "tests\Dos.User.Api.CrossCuttingConcerns.Tests\Dos.User.Api.CrossCuttingConcerns.Tests.csproj", "{36F7F334-4233-4368-8E61-02F2F5619849}"
EndProject
Global
	GlobalSection(SolutionConfigurationPlatforms) = preSolution
		Debug|Any CPU = Debug|Any CPU
		Release|Any CPU = Release|Any CPU
	EndGlobalSection
	GlobalSection(ProjectConfigurationPlatforms) = postSolution
		{1B11DFBC-20C8-4B96-8ED1-1DE75AB743C2}.Debug|Any CPU.ActiveCfg = Debug|Any CPU
		{1B11DFBC-20C8-4B96-8ED1-1DE75AB743C2}.Debug|Any CPU.Build.0 = Debug|Any CPU
		{1B11DFBC-20C8-4B96-8ED1-1DE75AB743C2}.Release|Any CPU.ActiveCfg = Release|Any CPU
		{1B11DFBC-20C8-4B96-8ED1-1DE75AB743C2}.Release|Any CPU.Build.0 = Release|Any CPU
		{FAFC5937-6C75-49DA-9C47-044FBBD1D2A0}.Debug|Any CPU.ActiveCfg = Debug|Any CPU
		{FAFC5937-6C75-49DA-9C47-044FBBD1D2A0}.Debug|Any CPU.Build.0 = Debug|Any CPU
		{FAFC5937-6C75-49DA-9C47-044FBBD1D2A0}.Release|Any CPU.ActiveCfg = Release|Any CPU
		{FAFC5937-6C75-49DA-9C47-044FBBD1D2A0}.Release|Any CPU.Build.0 = Release|Any CPU
		{85D65DEF-0E9F-4E4C-A84E-F69C03B64C32}.Debug|Any CPU.ActiveCfg = Debug|Any CPU
		{85D65DEF-0E9F-4E4C-A84E-F69C03B64C32}.Debug|Any CPU.Build.0 = Debug|Any CPU
		{85D65DEF-0E9F-4E4C-A84E-F69C03B64C32}.Release|Any CPU.ActiveCfg = Release|Any CPU
		{85D65DEF-0E9F-4E4C-A84E-F69C03B64C32}.Release|Any CPU.Build.0 = Release|Any CPU
		{C088115A-6957-4329-A4F5-F39ADC1A7811}.Debug|Any CPU.ActiveCfg = Debug|Any CPU
		{C088115A-6957-4329-A4F5-F39ADC1A7811}.Debug|Any CPU.Build.0 = Debug|Any CPU
		{C088115A-6957-4329-A4F5-F39ADC1A7811}.Release|Any CPU.ActiveCfg = Release|Any CPU
		{C088115A-6957-4329-A4F5-F39ADC1A7811}.Release|Any CPU.Build.0 = Release|Any CPU
		{AD34FBC1-168C-4B28-B7AF-FE4C4AC960FF}.Debug|Any CPU.ActiveCfg = Debug|Any CPU
		{AD34FBC1-168C-4B28-B7AF-FE4C4AC960FF}.Debug|Any CPU.Build.0 = Debug|Any CPU
		{AD34FBC1-168C-4B28-B7AF-FE4C4AC960FF}.Release|Any CPU.ActiveCfg = Release|Any CPU
		{AD34FBC1-168C-4B28-B7AF-FE4C4AC960FF}.Release|Any CPU.Build.0 = Release|Any CPU
		{CAF9659C-2507-4858-A13B-D80D7D7E8564}.Debug|Any CPU.ActiveCfg = Debug|Any CPU
		{CAF9659C-2507-4858-A13B-D80D7D7E8564}.Debug|Any CPU.Build.0 = Debug|Any CPU
		{CAF9659C-2507-4858-A13B-D80D7D7E8564}.Release|Any CPU.ActiveCfg = Release|Any CPU
		{CAF9659C-2507-4858-A13B-D80D7D7E8564}.Release|Any CPU.Build.0 = Release|Any CPU
		{9950D708-3421-4B8F-9EC9-EF6FAC547F9B}.Debug|Any CPU.ActiveCfg = Debug|Any CPU
		{9950D708-3421-4B8F-9EC9-EF6FAC547F9B}.Debug|Any CPU.Build.0 = Debug|Any CPU
		{9950D708-3421-4B8F-9EC9-EF6FAC547F9B}.Release|Any CPU.ActiveCfg = Release|Any CPU
		{9950D708-3421-4B8F-9EC9-EF6FAC547F9B}.Release|Any CPU.Build.0 = Release|Any CPU
		{76AF8C41-305A-4354-A045-551F1678255D}.Debug|Any CPU.ActiveCfg = Debug|Any CPU
		{76AF8C41-305A-4354-A045-551F1678255D}.Debug|Any CPU.Build.0 = Debug|Any CPU
		{76AF8C41-305A-4354-A045-551F1678255D}.Release|Any CPU.ActiveCfg = Release|Any CPU
		{76AF8C41-305A-4354-A045-551F1678255D}.Release|Any CPU.Build.0 = Release|Any CPU
		{B582C60D-BB0A-4975-92C1-1E31909C67FF}.Debug|Any CPU.ActiveCfg = Debug|Any CPU
		{B582C60D-BB0A-4975-92C1-1E31909C67FF}.Debug|Any CPU.Build.0 = Debug|Any CPU
		{B582C60D-BB0A-4975-92C1-1E31909C67FF}.Release|Any CPU.ActiveCfg = Release|Any CPU
		{B582C60D-BB0A-4975-92C1-1E31909C67FF}.Release|Any CPU.Build.0 = Release|Any CPU
		{778E7F4D-515B-4928-85B9-69D58EAEC42E}.Debug|Any CPU.ActiveCfg = Debug|Any CPU
		{778E7F4D-515B-4928-85B9-69D58EAEC42E}.Debug|Any CPU.Build.0 = Debug|Any CPU
		{778E7F4D-515B-4928-85B9-69D58EAEC42E}.Release|Any CPU.ActiveCfg = Release|Any CPU
		{778E7F4D-515B-4928-85B9-69D58EAEC42E}.Release|Any CPU.Build.0 = Release|Any CPU
		{D8BCC548-9A0E-49FC-B619-8D995A0C3917}.Debug|Any CPU.ActiveCfg = Debug|Any CPU
		{D8BCC548-9A0E-49FC-B619-8D995A0C3917}.Debug|Any CPU.Build.0 = Debug|Any CPU
		{D8BCC548-9A0E-49FC-B619-8D995A0C3917}.Release|Any CPU.ActiveCfg = Release|Any CPU
		{D8BCC548-9A0E-49FC-B619-8D995A0C3917}.Release|Any CPU.Build.0 = Release|Any CPU
		{C085C5FF-6DBC-46E5-8890-7C500295A5FC}.Debug|Any CPU.ActiveCfg = Debug|Any CPU
		{C085C5FF-6DBC-46E5-8890-7C500295A5FC}.Debug|Any CPU.Build.0 = Debug|Any CPU
		{C085C5FF-6DBC-46E5-8890-7C500295A5FC}.Release|Any CPU.ActiveCfg = Release|Any CPU
		{C085C5FF-6DBC-46E5-8890-7C500295A5FC}.Release|Any CPU.Build.0 = Release|Any CPU
		{9C9CD94C-D47D-42AA-8658-48A8D9D01B23}.Debug|Any CPU.ActiveCfg = Debug|Any CPU
		{9C9CD94C-D47D-42AA-8658-48A8D9D01B23}.Debug|Any CPU.Build.0 = Debug|Any CPU
		{9C9CD94C-D47D-42AA-8658-48A8D9D01B23}.Release|Any CPU.ActiveCfg = Release|Any CPU
		{9C9CD94C-D47D-42AA-8658-48A8D9D01B23}.Release|Any CPU.Build.0 = Release|Any CPU
		{36F7F334-4233-4368-8E61-02F2F5619849}.Debug|Any CPU.ActiveCfg = Debug|Any CPU
		{36F7F334-4233-4368-8E61-02F2F5619849}.Debug|Any CPU.Build.0 = Debug|Any CPU
		{36F7F334-4233-4368-8E61-02F2F5619849}.Release|Any CPU.ActiveCfg = Release|Any CPU
		{36F7F334-4233-4368-8E61-02F2F5619849}.Release|Any CPU.Build.0 = Release|Any CPU
	EndGlobalSection
	GlobalSection(SolutionProperties) = preSolution
		HideSolutionNode = FALSE
	EndGlobalSection
	GlobalSection(NestedProjects) = preSolution
		{54B46F2C-DD28-4E4B-A290-917798A127BE} = {68C2592B-C0F8-4A36-8A6D-9FB664927F88}
		{57D3A2CE-A707-4BFD-8AD2-5F1EE054E403} = {68C2592B-C0F8-4A36-8A6D-9FB664927F88}
		{9BE3ECC2-781B-4871-9BDD-6921F77643CE} = {68C2592B-C0F8-4A36-8A6D-9FB664927F88}
		{95362B79-C09B-4ABB-A0A7-089A09F3B816} = {68C2592B-C0F8-4A36-8A6D-9FB664927F88}
		{FEEEBF8D-2FEC-49AD-8736-DA21259211A0} = {95362B79-C09B-4ABB-A0A7-089A09F3B816}
		{1B11DFBC-20C8-4B96-8ED1-1DE75AB743C2} = {54B46F2C-DD28-4E4B-A290-917798A127BE}
		{FAFC5937-6C75-49DA-9C47-044FBBD1D2A0} = {57D3A2CE-A707-4BFD-8AD2-5F1EE054E403}
		{85D65DEF-0E9F-4E4C-A84E-F69C03B64C32} = {57D3A2CE-A707-4BFD-8AD2-5F1EE054E403}
		{C1B372A1-6EC0-4A01-8DB9-D3B3B9E45CA5} = {68C2592B-C0F8-4A36-8A6D-9FB664927F88}
		{C088115A-6957-4329-A4F5-F39ADC1A7811} = {C1B372A1-6EC0-4A01-8DB9-D3B3B9E45CA5}
		{1F0B1BE5-35FD-4BE3-9B22-264E10ED1BF5} = {9BE3ECC2-781B-4871-9BDD-6921F77643CE}
		{AD34FBC1-168C-4B28-B7AF-FE4C4AC960FF} = {1F0B1BE5-35FD-4BE3-9B22-264E10ED1BF5}
		{CAF9659C-2507-4858-A13B-D80D7D7E8564} = {FEEEBF8D-2FEC-49AD-8736-DA21259211A0}
		{9950D708-3421-4B8F-9EC9-EF6FAC547F9B} = {FEEEBF8D-2FEC-49AD-8736-DA21259211A0}
		{76AF8C41-305A-4354-A045-551F1678255D} = {FEEEBF8D-2FEC-49AD-8736-DA21259211A0}
		{B582C60D-BB0A-4975-92C1-1E31909C67FF} = {95362B79-C09B-4ABB-A0A7-089A09F3B816}
		{F988C9F3-0726-4FA0-BA61-0042F00B047E} = {68C2592B-C0F8-4A36-8A6D-9FB664927F88}
		{778E7F4D-515B-4928-85B9-69D58EAEC42E} = {F988C9F3-0726-4FA0-BA61-0042F00B047E}
		{6F720CB9-436C-4DE5-B614-5BEDBE190F79} = {9BE3ECC2-781B-4871-9BDD-6921F77643CE}
		{D8BCC548-9A0E-49FC-B619-8D995A0C3917} = {6F720CB9-436C-4DE5-B614-5BEDBE190F79}
		{C60763D5-23B5-4CE2-AF91-94D391AEBA60} = {63251D23-2F29-4BD9-B204-C97E723D11AA}
		{C085C5FF-6DBC-46E5-8890-7C500295A5FC} = {C60763D5-23B5-4CE2-AF91-94D391AEBA60}
		{123CDB66-277D-4A20-AD32-F2FEBE63C38A} = {63251D23-2F29-4BD9-B204-C97E723D11AA}
		{9C9CD94C-D47D-42AA-8658-48A8D9D01B23} = {123CDB66-277D-4A20-AD32-F2FEBE63C38A}
		{02670F1D-2D34-4639-B555-04E0825CB7BE} = {63251D23-2F29-4BD9-B204-C97E723D11AA}
		{36F7F334-4233-4368-8E61-02F2F5619849} = {02670F1D-2D34-4639-B555-04E0825CB7BE}
	EndGlobalSection
	GlobalSection(ExtensibilityGlobals) = postSolution
		SolutionGuid = {D9492EA7-2CCB-47EE-B738-8FC858589413}
	EndGlobalSection
EndGlobal
